
Microsoft Visual Studio Solution File, Format Version 12.00
# Visual Studio 15
Project("{FAE04EC0-301F-11D3-BF4B-00C04F79EFBC}") = "Assembly-CSharp", "Assembly-CSharp.csproj", "{3121ECB6-47BE-BF53-EF0F-1819EFF966FC}"
EndProject
Project("{FAE04EC0-301F-11D3-BF4B-00C04F79EFBC}") = "VuforiaScripts", "VuforiaScripts.csproj", "{980C083D-E0C6-92A0-0356-C9DB84E8DE69}"
EndProject
Project("{FAE04EC0-301F-11D3-BF4B-00C04F79EFBC}") = "VuforiaEditorScripts", "VuforiaEditorScripts.csproj", "{10B7E2C3-7E5C-D423-8B5F-78D28F5D30D0}"
EndProject
Global
	GlobalSection(SolutionConfigurationPlatforms) = preSolution
		Debug|Any CPU = Debug|Any CPU
		Release|Any CPU = Release|Any CPU
	EndGlobalSection
	GlobalSection(ProjectConfigurationPlatforms) = postSolution
		{3121ECB6-47BE-BF53-EF0F-1819EFF966FC}.Debug|Any CPU.ActiveCfg = Debug|Any CPU
		{3121ECB6-47BE-BF53-EF0F-1819EFF966FC}.Debug|Any CPU.Build.0 = Debug|Any CPU
		{3121ECB6-47BE-BF53-EF0F-1819EFF966FC}.Release|Any CPU.ActiveCfg = Release|Any CPU
		{3121ECB6-47BE-BF53-EF0F-1819EFF966FC}.Release|Any CPU.Build.0 = Release|Any CPU
		{980C083D-E0C6-92A0-0356-C9DB84E8DE69}.Debug|Any CPU.ActiveCfg = Debug|Any CPU
		{980C083D-E0C6-92A0-0356-C9DB84E8DE69}.Debug|Any CPU.Build.0 = Debug|Any CPU
		{980C083D-E0C6-92A0-0356-C9DB84E8DE69}.Release|Any CPU.ActiveCfg = Release|Any CPU
		{980C083D-E0C6-92A0-0356-C9DB84E8DE69}.Release|Any CPU.Build.0 = Release|Any CPU
		{10B7E2C3-7E5C-D423-8B5F-78D28F5D30D0}.Debug|Any CPU.ActiveCfg = Debug|Any CPU
		{10B7E2C3-7E5C-D423-8B5F-78D28F5D30D0}.Debug|Any CPU.Build.0 = Debug|Any CPU
		{10B7E2C3-7E5C-D423-8B5F-78D28F5D30D0}.Release|Any CPU.ActiveCfg = Release|Any CPU
		{10B7E2C3-7E5C-D423-8B5F-78D28F5D30D0}.Release|Any CPU.Build.0 = Release|Any CPU
	EndGlobalSection
	GlobalSection(SolutionProperties) = preSolution
		HideSolutionNode = FALSE
	EndGlobalSection
EndGlobal
